// !$*UTF8*$!
{
	archiveVersion = 1;
	classes = {
	};
	objectVersion = 77;
	objects = {

/* Begin PBXContainerItemProxy section */
		EC1C53B72D574E6E00FC8974 /* PBXContainerItemProxy */ = {
			isa = PBXContainerItemProxy;
			containerPortal = EC7962692D414153008556CA /* Project object */;
			proxyType = 1;
			remoteGlobalIDString = EC7962702D414153008556CA;
			remoteInfo = SimpleMoneyTracker;
		};
		EC7962842D414155008556CA /* PBXContainerItemProxy */ = {
			isa = PBXContainerItemProxy;
			containerPortal = EC7962692D414153008556CA /* Project object */;
			proxyType = 1;
			remoteGlobalIDString = EC7962702D414153008556CA;
			remoteInfo = SimpleMoneyTracker;
		};
		EC79628E2D414155008556CA /* PBXContainerItemProxy */ = {
			isa = PBXContainerItemProxy;
			containerPortal = EC7962692D414153008556CA /* Project object */;
			proxyType = 1;
			remoteGlobalIDString = EC7962702D414153008556CA;
			remoteInfo = SimpleMoneyTracker;
		};
/* End PBXContainerItemProxy section */

/* Begin PBXFileReference section */
		EC1C53B32D574E6E00FC8974 /* SimpleMoneyTrackerUnitTests.xctest */ = {isa = PBXFileReference; explicitFileType = wrapper.cfbundle; includeInIndex = 0; path = SimpleMoneyTrackerUnitTests.xctest; sourceTree = BUILT_PRODUCTS_DIR; };
		EC4C07842D574F0500421E29 /* SimpleMoneyTracker.xctestplan */ = {isa = PBXFileReference; lastKnownFileType = text; path = SimpleMoneyTracker.xctestplan; sourceTree = "<group>"; };
		EC7962712D414153008556CA /* SimpleMoneyTracker.app */ = {isa = PBXFileReference; explicitFileType = wrapper.application; includeInIndex = 0; path = SimpleMoneyTracker.app; sourceTree = BUILT_PRODUCTS_DIR; };
		EC7962832D414155008556CA /* SimpleMoneyTrackerTests.xctest */ = {isa = PBXFileReference; explicitFileType = wrapper.cfbundle; includeInIndex = 0; path = SimpleMoneyTrackerTests.xctest; sourceTree = BUILT_PRODUCTS_DIR; };
		EC79628D2D414155008556CA /* SimpleMoneyTrackerUITests.xctest */ = {isa = PBXFileReference; explicitFileType = wrapper.cfbundle; includeInIndex = 0; path = SimpleMoneyTrackerUITests.xctest; sourceTree = BUILT_PRODUCTS_DIR; };
/* End PBXFileReference section */

/* Begin PBXFileSystemSynchronizedBuildFileExceptionSet section */
		EC4C07872D57502400421E29 /* Exceptions for "SimpleMoneyTracker" folder in "SimpleMoneyTrackerTests" target */ = {
			isa = PBXFileSystemSynchronizedBuildFileExceptionSet;
			membershipExceptions = (
				Models/Account.swift,
				Models/Category.swift,
				Models/Expense.swift,
				Models/ExpenseAgregate.swift,
			);
			target = EC7962822D414155008556CA /* SimpleMoneyTrackerTests */;
		};
		EC4C078B2D57503B00421E29 /* Exceptions for "SimpleMoneyTracker" folder in "SimpleMoneyTrackerUnitTests" target */ = {
			isa = PBXFileSystemSynchronizedBuildFileExceptionSet;
			membershipExceptions = (
				Models/Account.swift,
				Models/Category.swift,
				Models/ExpenseAgregate.swift,
			);
			target = EC1C53B22D574E6E00FC8974 /* SimpleMoneyTrackerUnitTests */;
		};
		EC9C9C082D46548C00711166 /* Exceptions for "SimpleMoneyTracker" folder in "SimpleMoneyTrackerUITests" target */ = {
			isa = PBXFileSystemSynchronizedBuildFileExceptionSet;
			membershipExceptions = (
				Components/Calendar/DaysComponent.swift,
				Components/Calendar/WeekDateView.swift,
				Components/Categories/CategoryCreateComponent.swift,
				Components/Categories/CategorySelectorComponent.swift,
				Components/Expenses/AddExpenseComponent.swift,
				Components/Expenses/CategoryCircleComponent.swift,
				Components/Expenses/ExpenseCreateSheetView.swift,
				Components/Expenses/ExpenseDetailComponent.swift,
				Models/Account.swift,
				Models/Category.swift,
				Models/Expense.swift,
				Models/ExpenseAgregate.swift,
				Views/Categories/ExpenseCategoryListView.swift,
				Views/Expenses/DailyExpenseView.swift,
				Views/Expenses/ExpensesListView.swift,
			);
			target = EC79628C2D414155008556CA /* SimpleMoneyTrackerUITests */;
		};
/* End PBXFileSystemSynchronizedBuildFileExceptionSet section */

/* Begin PBXFileSystemSynchronizedRootGroup section */
		EC1C53B42D574E6E00FC8974 /* SimpleMoneyTrackerUnitTests */ = {
			isa = PBXFileSystemSynchronizedRootGroup;
			path = SimpleMoneyTrackerUnitTests;
			sourceTree = "<group>";
		};
		EC7962732D414153008556CA /* SimpleMoneyTracker */ = {
			isa = PBXFileSystemSynchronizedRootGroup;
			exceptions = (
				EC4C07872D57502400421E29 /* Exceptions for "SimpleMoneyTracker" folder in "SimpleMoneyTrackerTests" target */,
				EC9C9C082D46548C00711166 /* Exceptions for "SimpleMoneyTracker" folder in "SimpleMoneyTrackerUITests" target */,
				EC4C078B2D57503B00421E29 /* Exceptions for "SimpleMoneyTracker" folder in "SimpleMoneyTrackerUnitTests" target */,
			);
			path = SimpleMoneyTracker;
			sourceTree = "<group>";
		};
		EC7962862D414155008556CA /* SimpleMoneyTrackerTests */ = {
			isa = PBXFileSystemSynchronizedRootGroup;
			path = SimpleMoneyTrackerTests;
			sourceTree = "<group>";
		};
/* End PBXFileSystemSynchronizedRootGroup section */

/* Begin PBXFrameworksBuildPhase section */
		EC1C53B02D574E6E00FC8974 /* Frameworks */ = {
			isa = PBXFrameworksBuildPhase;
			buildActionMask = 2147483647;
			files = (
			);
			runOnlyForDeploymentPostprocessing = 0;
		};
		EC79626E2D414153008556CA /* Frameworks */ = {
			isa = PBXFrameworksBuildPhase;
			buildActionMask = 2147483647;
			files = (
			);
			runOnlyForDeploymentPostprocessing = 0;
		};
		EC7962802D414155008556CA /* Frameworks */ = {
			isa = PBXFrameworksBuildPhase;
			buildActionMask = 2147483647;
			files = (
			);
			runOnlyForDeploymentPostprocessing = 0;
		};
		EC79628A2D414155008556CA /* Frameworks */ = {
			isa = PBXFrameworksBuildPhase;
			buildActionMask = 2147483647;
			files = (
			);
			runOnlyForDeploymentPostprocessing = 0;
		};
/* End PBXFrameworksBuildPhase section */

/* Begin PBXGroup section */
		EC7962682D414153008556CA = {
			isa = PBXGroup;
			children = (
				EC4C07842D574F0500421E29 /* SimpleMoneyTracker.xctestplan */,
				EC7962732D414153008556CA /* SimpleMoneyTracker */,
				EC7962862D414155008556CA /* SimpleMoneyTrackerTests */,
				EC1C53B42D574E6E00FC8974 /* SimpleMoneyTrackerUnitTests */,
				EC7962722D414153008556CA /* Products */,
			);
			sourceTree = "<group>";
		};
		EC7962722D414153008556CA /* Products */ = {
			isa = PBXGroup;
			children = (
				EC7962712D414153008556CA /* SimpleMoneyTracker.app */,
				EC7962832D414155008556CA /* SimpleMoneyTrackerTests.xctest */,
				EC79628D2D414155008556CA /* SimpleMoneyTrackerUITests.xctest */,
				EC1C53B32D574E6E00FC8974 /* SimpleMoneyTrackerUnitTests.xctest */,
			);
			name = Products;
			sourceTree = "<group>";
		};
/* End PBXGroup section */

/* Begin PBXNativeTarget section */
		EC1C53B22D574E6E00FC8974 /* SimpleMoneyTrackerUnitTests */ = {
			isa = PBXNativeTarget;
			buildConfigurationList = EC1C53BB2D574E6E00FC8974 /* Build configuration list for PBXNativeTarget "SimpleMoneyTrackerUnitTests" */;
			buildPhases = (
				EC1C53AF2D574E6E00FC8974 /* Sources */,
				EC1C53B02D574E6E00FC8974 /* Frameworks */,
				EC1C53B12D574E6E00FC8974 /* Resources */,
			);
			buildRules = (
			);
			dependencies = (
				EC1C53B82D574E6E00FC8974 /* PBXTargetDependency */,
			);
			fileSystemSynchronizedGroups = (
				EC1C53B42D574E6E00FC8974 /* SimpleMoneyTrackerUnitTests */,
			);
			name = SimpleMoneyTrackerUnitTests;
			packageProductDependencies = (
			);
			productName = SimpleMoneyTrackerUnitTests;
			productReference = EC1C53B32D574E6E00FC8974 /* SimpleMoneyTrackerUnitTests.xctest */;
			productType = "com.apple.product-type.bundle.unit-test";
		};
		EC7962702D414153008556CA /* SimpleMoneyTracker */ = {
			isa = PBXNativeTarget;
			buildConfigurationList = EC7962972D414155008556CA /* Build configuration list for PBXNativeTarget "SimpleMoneyTracker" */;
			buildPhases = (
				EC79626D2D414153008556CA /* Sources */,
				EC79626E2D414153008556CA /* Frameworks */,
				EC79626F2D414153008556CA /* Resources */,
			);
			buildRules = (
			);
			dependencies = (
			);
			fileSystemSynchronizedGroups = (
				EC7962732D414153008556CA /* SimpleMoneyTracker */,
			);
			name = SimpleMoneyTracker;
			packageProductDependencies = (
			);
			productName = SimpleMoneyTracker;
			productReference = EC7962712D414153008556CA /* SimpleMoneyTracker.app */;
			productType = "com.apple.product-type.application";
		};
		EC7962822D414155008556CA /* SimpleMoneyTrackerTests */ = {
			isa = PBXNativeTarget;
			buildConfigurationList = EC79629A2D414155008556CA /* Build configuration list for PBXNativeTarget "SimpleMoneyTrackerTests" */;
			buildPhases = (
				EC79627F2D414155008556CA /* Sources */,
				EC7962802D414155008556CA /* Frameworks */,
				EC7962812D414155008556CA /* Resources */,
			);
			buildRules = (
			);
			dependencies = (
				EC7962852D414155008556CA /* PBXTargetDependency */,
			);
			fileSystemSynchronizedGroups = (
				EC7962862D414155008556CA /* SimpleMoneyTrackerTests */,
			);
			name = SimpleMoneyTrackerTests;
			packageProductDependencies = (
			);
			productName = SimpleMoneyTrackerTests;
			productReference = EC7962832D414155008556CA /* SimpleMoneyTrackerTests.xctest */;
			productType = "com.apple.product-type.bundle.unit-test";
		};
		EC79628C2D414155008556CA /* SimpleMoneyTrackerUITests */ = {
			isa = PBXNativeTarget;
			buildConfigurationList = EC79629D2D414155008556CA /* Build configuration list for PBXNativeTarget "SimpleMoneyTrackerUITests" */;
			buildPhases = (
				EC7962892D414155008556CA /* Sources */,
				EC79628A2D414155008556CA /* Frameworks */,
				EC79628B2D414155008556CA /* Resources */,
			);
			buildRules = (
			);
			dependencies = (
				EC79628F2D414155008556CA /* PBXTargetDependency */,
			);
			name = SimpleMoneyTrackerUITests;
			packageProductDependencies = (
			);
			productName = SimpleMoneyTrackerUITests;
			productReference = EC79628D2D414155008556CA /* SimpleMoneyTrackerUITests.xctest */;
			productType = "com.apple.product-type.bundle.ui-testing";
		};
/* End PBXNativeTarget section */

/* Begin PBXProject section */
		EC7962692D414153008556CA /* Project object */ = {
			isa = PBXProject;
			attributes = {
				BuildIndependentTargetsInParallel = 1;
				LastSwiftUpdateCheck = 1620;
				LastUpgradeCheck = 1620;
				TargetAttributes = {
					EC1C53B22D574E6E00FC8974 = {
						CreatedOnToolsVersion = 16.2;
						TestTargetID = EC7962702D414153008556CA;
					};
					EC7962702D414153008556CA = {
						CreatedOnToolsVersion = 16.2;
					};
					EC7962822D414155008556CA = {
						CreatedOnToolsVersion = 16.2;
						TestTargetID = EC7962702D414153008556CA;
					};
					EC79628C2D414155008556CA = {
						CreatedOnToolsVersion = 16.2;
						TestTargetID = EC7962702D414153008556CA;
					};
				};
			};
			buildConfigurationList = EC79626C2D414153008556CA /* Build configuration list for PBXProject "SimpleMoneyTracker" */;
			developmentRegion = en;
			hasScannedForEncodings = 0;
			knownRegions = (
				en,
				Base,
			);
			mainGroup = EC7962682D414153008556CA;
			minimizedProjectReferenceProxies = 1;
			packageReferences = (
			);
			preferredProjectObjectVersion = 77;
			productRefGroup = EC7962722D414153008556CA /* Products */;
			projectDirPath = "";
			projectRoot = "";
			targets = (
				EC7962702D414153008556CA /* SimpleMoneyTracker */,
				EC7962822D414155008556CA /* SimpleMoneyTrackerTests */,
				EC79628C2D414155008556CA /* SimpleMoneyTrackerUITests */,
				EC1C53B22D574E6E00FC8974 /* SimpleMoneyTrackerUnitTests */,
			);
		};
/* End PBXProject section */

/* Begin PBXResourcesBuildPhase section */
		EC1C53B12D574E6E00FC8974 /* Resources */ = {
			isa = PBXResourcesBuildPhase;
			buildActionMask = 2147483647;
			files = (
			);
			runOnlyForDeploymentPostprocessing = 0;
		};
		EC79626F2D414153008556CA /* Resources */ = {
			isa = PBXResourcesBuildPhase;
			buildActionMask = 2147483647;
			files = (
			);
			runOnlyForDeploymentPostprocessing = 0;
		};
		EC7962812D414155008556CA /* Resources */ = {
			isa = PBXResourcesBuildPhase;
			buildActionMask = 2147483647;
			files = (
			);
			runOnlyForDeploymentPostprocessing = 0;
		};
		EC79628B2D414155008556CA /* Resources */ = {
			isa = PBXResourcesBuildPhase;
			buildActionMask = 2147483647;
			files = (
			);
			runOnlyForDeploymentPostprocessing = 0;
		};
/* End PBXResourcesBuildPhase section */

/* Begin PBXSourcesBuildPhase section */
		EC1C53AF2D574E6E00FC8974 /* Sources */ = {
			isa = PBXSourcesBuildPhase;
			buildActionMask = 2147483647;
			files = (
			);
			runOnlyForDeploymentPostprocessing = 0;
		};
		EC79626D2D414153008556CA /* Sources */ = {
			isa = PBXSourcesBuildPhase;
			buildActionMask = 2147483647;
			files = (
			);
			runOnlyForDeploymentPostprocessing = 0;
		};
		EC79627F2D414155008556CA /* Sources */ = {
			isa = PBXSourcesBuildPhase;
			buildActionMask = 2147483647;
			files = (
			);
			runOnlyForDeploymentPostprocessing = 0;
		};
		EC7962892D414155008556CA /* Sources */ = {
			isa = PBXSourcesBuildPhase;
			buildActionMask = 2147483647;
			files = (
			);
			runOnlyForDeploymentPostprocessing = 0;
		};
/* End PBXSourcesBuildPhase section */

/* Begin PBXTargetDependency section */
		EC1C53B82D574E6E00FC8974 /* PBXTargetDependency */ = {
			isa = PBXTargetDependency;
			target = EC7962702D414153008556CA /* SimpleMoneyTracker */;
			targetProxy = EC1C53B72D574E6E00FC8974 /* PBXContainerItemProxy */;
		};
		EC7962852D414155008556CA /* PBXTargetDependency */ = {
			isa = PBXTargetDependency;
			target = EC7962702D414153008556CA /* SimpleMoneyTracker */;
			targetProxy = EC7962842D414155008556CA /* PBXContainerItemProxy */;
		};
		EC79628F2D414155008556CA /* PBXTargetDependency */ = {
			isa = PBXTargetDependency;
			target = EC7962702D414153008556CA /* SimpleMoneyTracker */;
			targetProxy = EC79628E2D414155008556CA /* PBXContainerItemProxy */;
		};
/* End PBXTargetDependency section */

/* Begin XCBuildConfiguration section */
		EC1C53B92D574E6E00FC8974 /* Debug */ = {
			isa = XCBuildConfiguration;
			buildSettings = {
				BUNDLE_LOADER = "$(TEST_HOST)";
				CODE_SIGN_STYLE = Automatic;
				CURRENT_PROJECT_VERSION = 1;
				DEVELOPMENT_TEAM = 6AZRVAP866;
				GENERATE_INFOPLIST_FILE = YES;
				MARKETING_VERSION = 1.0;
				PRODUCT_BUNDLE_IDENTIFIER = com.borja.SimpleMoneyTrackerUnitTests;
				PRODUCT_NAME = "$(TARGET_NAME)";
				SWIFT_EMIT_LOC_STRINGS = NO;
				SWIFT_VERSION = 5.0;
				TARGETED_DEVICE_FAMILY = "1,2";
				TEST_HOST = "$(BUILT_PRODUCTS_DIR)/SimpleMoneyTracker.app/$(BUNDLE_EXECUTABLE_FOLDER_PATH)/SimpleMoneyTracker";
			};
			name = Debug;
		};
		EC1C53BA2D574E6E00FC8974 /* Release */ = {
			isa = XCBuildConfiguration;
			buildSettings = {
				BUNDLE_LOADER = "$(TEST_HOST)";
				CODE_SIGN_STYLE = Automatic;
				CURRENT_PROJECT_VERSION = 1;
				DEVELOPMENT_TEAM = 6AZRVAP866;
				GENERATE_INFOPLIST_FILE = YES;
				MARKETING_VERSION = 1.0;
				PRODUCT_BUNDLE_IDENTIFIER = com.borja.SimpleMoneyTrackerUnitTests;
				PRODUCT_NAME = "$(TARGET_NAME)";
				SWIFT_EMIT_LOC_STRINGS = NO;
				SWIFT_VERSION = 5.0;
				TARGETED_DEVICE_FAMILY = "1,2";
				TEST_HOST = "$(BUILT_PRODUCTS_DIR)/SimpleMoneyTracker.app/$(BUNDLE_EXECUTABLE_FOLDER_PATH)/SimpleMoneyTracker";
			};
			name = Release;
		};
		EC7962952D414155008556CA /* Debug */ = {
			isa = XCBuildConfiguration;
			buildSettings = {
				ALWAYS_SEARCH_USER_PATHS = NO;
				ASSETCATALOG_COMPILER_GENERATE_SWIFT_ASSET_SYMBOL_EXTENSIONS = YES;
				CLANG_ANALYZER_NONNULL = YES;
				CLANG_ANALYZER_NUMBER_OBJECT_CONVERSION = YES_AGGRESSIVE;
				CLANG_CXX_LANGUAGE_STANDARD = "gnu++20";
				CLANG_ENABLE_MODULES = YES;
				CLANG_ENABLE_OBJC_ARC = YES;
				CLANG_ENABLE_OBJC_WEAK = YES;
				CLANG_WARN_BLOCK_CAPTURE_AUTORELEASING = YES;
				CLANG_WARN_BOOL_CONVERSION = YES;
				CLANG_WARN_COMMA = YES;
				CLANG_WARN_CONSTANT_CONVERSION = YES;
				CLANG_WARN_DEPRECATED_OBJC_IMPLEMENTATIONS = YES;
				CLANG_WARN_DIRECT_OBJC_ISA_USAGE = YES_ERROR;
				CLANG_WARN_DOCUMENTATION_COMMENTS = YES;
				CLANG_WARN_EMPTY_BODY = YES;
				CLANG_WARN_ENUM_CONVERSION = YES;
				CLANG_WARN_INFINITE_RECURSION = YES;
				CLANG_WARN_INT_CONVERSION = YES;
				CLANG_WARN_NON_LITERAL_NULL_CONVERSION = YES;
				CLANG_WARN_OBJC_IMPLICIT_RETAIN_SELF = YES;
				CLANG_WARN_OBJC_LITERAL_CONVERSION = YES;
				CLANG_WARN_OBJC_ROOT_CLASS = YES_ERROR;
				CLANG_WARN_QUOTED_INCLUDE_IN_FRAMEWORK_HEADER = YES;
				CLANG_WARN_RANGE_LOOP_ANALYSIS = YES;
				CLANG_WARN_STRICT_PROTOTYPES = YES;
				CLANG_WARN_SUSPICIOUS_MOVE = YES;
				CLANG_WARN_UNGUARDED_AVAILABILITY = YES_AGGRESSIVE;
				CLANG_WARN_UNREACHABLE_CODE = YES;
				CLANG_WARN__DUPLICATE_METHOD_MATCH = YES;
				COPY_PHASE_STRIP = NO;
				DEBUG_INFORMATION_FORMAT = dwarf;
				ENABLE_STRICT_OBJC_MSGSEND = YES;
				ENABLE_TESTABILITY = YES;
				ENABLE_USER_SCRIPT_SANDBOXING = YES;
				GCC_C_LANGUAGE_STANDARD = gnu17;
				GCC_DYNAMIC_NO_PIC = NO;
				GCC_NO_COMMON_BLOCKS = YES;
				GCC_OPTIMIZATION_LEVEL = 0;
				GCC_PREPROCESSOR_DEFINITIONS = (
					"DEBUG=1",
					"$(inherited)",
				);
				GCC_WARN_64_TO_32_BIT_CONVERSION = YES;
				GCC_WARN_ABOUT_RETURN_TYPE = YES_ERROR;
				GCC_WARN_UNDECLARED_SELECTOR = YES;
				GCC_WARN_UNINITIALIZED_AUTOS = YES_AGGRESSIVE;
				GCC_WARN_UNUSED_FUNCTION = YES;
				GCC_WARN_UNUSED_VARIABLE = YES;
				IPHONEOS_DEPLOYMENT_TARGET = 18.2;
				LOCALIZATION_PREFERS_STRING_CATALOGS = YES;
				MTL_ENABLE_DEBUG_INFO = INCLUDE_SOURCE;
				MTL_FAST_MATH = YES;
				ONLY_ACTIVE_ARCH = YES;
				SDKROOT = iphoneos;
				SWIFT_ACTIVE_COMPILATION_CONDITIONS = "DEBUG $(inherited)";
				SWIFT_OPTIMIZATION_LEVEL = "-Onone";
			};
			name = Debug;
		};
		EC7962962D414155008556CA /* Release */ = {
			isa = XCBuildConfiguration;
			buildSettings = {
				ALWAYS_SEARCH_USER_PATHS = NO;
				ASSETCATALOG_COMPILER_GENERATE_SWIFT_ASSET_SYMBOL_EXTENSIONS = YES;
				CLANG_ANALYZER_NONNULL = YES;
				CLANG_ANALYZER_NUMBER_OBJECT_CONVERSION = YES_AGGRESSIVE;
				CLANG_CXX_LANGUAGE_STANDARD = "gnu++20";
				CLANG_ENABLE_MODULES = YES;
				CLANG_ENABLE_OBJC_ARC = YES;
				CLANG_ENABLE_OBJC_WEAK = YES;
				CLANG_WARN_BLOCK_CAPTURE_AUTORELEASING = YES;
				CLANG_WARN_BOOL_CONVERSION = YES;
				CLANG_WARN_COMMA = YES;
				CLANG_WARN_CONSTANT_CONVERSION = YES;
				CLANG_WARN_DEPRECATED_OBJC_IMPLEMENTATIONS = YES;
				CLANG_WARN_DIRECT_OBJC_ISA_USAGE = YES_ERROR;
				CLANG_WARN_DOCUMENTATION_COMMENTS = YES;
				CLANG_WARN_EMPTY_BODY = YES;
				CLANG_WARN_ENUM_CONVERSION = YES;
				CLANG_WARN_INFINITE_RECURSION = YES;
				CLANG_WARN_INT_CONVERSION = YES;
				CLANG_WARN_NON_LITERAL_NULL_CONVERSION = YES;
				CLANG_WARN_OBJC_IMPLICIT_RETAIN_SELF = YES;
				CLANG_WARN_OBJC_LITERAL_CONVERSION = YES;
				CLANG_WARN_OBJC_ROOT_CLASS = YES_ERROR;
				CLANG_WARN_QUOTED_INCLUDE_IN_FRAMEWORK_HEADER = YES;
				CLANG_WARN_RANGE_LOOP_ANALYSIS = YES;
				CLANG_WARN_STRICT_PROTOTYPES = YES;
				CLANG_WARN_SUSPICIOUS_MOVE = YES;
				CLANG_WARN_UNGUARDED_AVAILABILITY = YES_AGGRESSIVE;
				CLANG_WARN_UNREACHABLE_CODE = YES;
				CLANG_WARN__DUPLICATE_METHOD_MATCH = YES;
				COPY_PHASE_STRIP = NO;
				DEBUG_INFORMATION_FORMAT = "dwarf-with-dsym";
				ENABLE_NS_ASSERTIONS = NO;
				ENABLE_STRICT_OBJC_MSGSEND = YES;
				ENABLE_USER_SCRIPT_SANDBOXING = YES;
				GCC_C_LANGUAGE_STANDARD = gnu17;
				GCC_NO_COMMON_BLOCKS = YES;
				GCC_WARN_64_TO_32_BIT_CONVERSION = YES;
				GCC_WARN_ABOUT_RETURN_TYPE = YES_ERROR;
				GCC_WARN_UNDECLARED_SELECTOR = YES;
				GCC_WARN_UNINITIALIZED_AUTOS = YES_AGGRESSIVE;
				GCC_WARN_UNUSED_FUNCTION = YES;
				GCC_WARN_UNUSED_VARIABLE = YES;
				IPHONEOS_DEPLOYMENT_TARGET = 18.2;
				LOCALIZATION_PREFERS_STRING_CATALOGS = YES;
				MTL_ENABLE_DEBUG_INFO = NO;
				MTL_FAST_MATH = YES;
				SDKROOT = iphoneos;
				SWIFT_COMPILATION_MODE = wholemodule;
				VALIDATE_PRODUCT = YES;
			};
			name = Release;
		};
		EC7962982D414155008556CA /* Debug */ = {
			isa = XCBuildConfiguration;
			buildSettings = {
				ASSETCATALOG_COMPILER_APPICON_NAME = AppIcon;
				ASSETCATALOG_COMPILER_GLOBAL_ACCENT_COLOR_NAME = AccentColor;
				CODE_SIGN_STYLE = Automatic;
				CURRENT_PROJECT_VERSION = 1;
				DEVELOPMENT_ASSET_PATHS = "\"SimpleMoneyTracker/Preview Content\"";
				DEVELOPMENT_TEAM = 6AZRVAP866;
				ENABLE_PREVIEWS = YES;
				GENERATE_INFOPLIST_FILE = YES;
				INFOPLIST_KEY_UIApplicationSceneManifest_Generation = YES;
				INFOPLIST_KEY_UIApplicationSupportsIndirectInputEvents = YES;
				INFOPLIST_KEY_UILaunchScreen_Generation = YES;
				INFOPLIST_KEY_UISupportedInterfaceOrientations_iPad = "UIInterfaceOrientationPortrait UIInterfaceOrientationPortraitUpsideDown UIInterfaceOrientationLandscapeLeft UIInterfaceOrientationLandscapeRight";
				INFOPLIST_KEY_UISupportedInterfaceOrientations_iPhone = "UIInterfaceOrientationPortrait UIInterfaceOrientationLandscapeLeft UIInterfaceOrientationLandscapeRight";
				LD_RUNPATH_SEARCH_PATHS = (
					"$(inherited)",
					"@executable_path/Frameworks",
				);
				MARKETING_VERSION = 1.0;
				PRODUCT_BUNDLE_IDENTIFIER = com.borja.SimpleMoneyTracker;
				PRODUCT_NAME = "$(TARGET_NAME)";
				SWIFT_EMIT_LOC_STRINGS = YES;
				SWIFT_VERSION = 5.0;
				TARGETED_DEVICE_FAMILY = "1,2";
			};
			name = Debug;
		};
		EC7962992D414155008556CA /* Release */ = {
			isa = XCBuildConfiguration;
			buildSettings = {
				ASSETCATALOG_COMPILER_APPICON_NAME = AppIcon;
				ASSETCATALOG_COMPILER_GLOBAL_ACCENT_COLOR_NAME = AccentColor;
				CODE_SIGN_STYLE = Automatic;
				CURRENT_PROJECT_VERSION = 1;
				DEVELOPMENT_ASSET_PATHS = "\"SimpleMoneyTracker/Preview Content\"";
				DEVELOPMENT_TEAM = 6AZRVAP866;
				ENABLE_PREVIEWS = YES;
				GENERATE_INFOPLIST_FILE = YES;
				INFOPLIST_KEY_UIApplicationSceneManifest_Generation = YES;
				INFOPLIST_KEY_UIApplicationSupportsIndirectInputEvents = YES;
				INFOPLIST_KEY_UILaunchScreen_Generation = YES;
				INFOPLIST_KEY_UISupportedInterfaceOrientations_iPad = "UIInterfaceOrientationPortrait UIInterfaceOrientationPortraitUpsideDown UIInterfaceOrientationLandscapeLeft UIInterfaceOrientationLandscapeRight";
				INFOPLIST_KEY_UISupportedInterfaceOrientations_iPhone = "UIInterfaceOrientationPortrait UIInterfaceOrientationLandscapeLeft UIInterfaceOrientationLandscapeRight";
				LD_RUNPATH_SEARCH_PATHS = (
					"$(inherited)",
					"@executable_path/Frameworks",
				);
				MARKETING_VERSION = 1.0;
				PRODUCT_BUNDLE_IDENTIFIER = com.borja.SimpleMoneyTracker;
				PRODUCT_NAME = "$(TARGET_NAME)";
				SWIFT_EMIT_LOC_STRINGS = YES;
				SWIFT_VERSION = 5.0;
				TARGETED_DEVICE_FAMILY = "1,2";
			};
			name = Release;
		};
		EC79629B2D414155008556CA /* Debug */ = {
			isa = XCBuildConfiguration;
			buildSettings = {
				BUNDLE_LOADER = "$(TEST_HOST)";
				CODE_SIGN_STYLE = Automatic;
				CURRENT_PROJECT_VERSION = 1;
				DEVELOPMENT_TEAM = 6AZRVAP866;
				GENERATE_INFOPLIST_FILE = YES;
				IPHONEOS_DEPLOYMENT_TARGET = 18.2;
				MARKETING_VERSION = 1.0;
				PRODUCT_BUNDLE_IDENTIFIER = com.borja.SimpleMoneyTrackerTests;
				PRODUCT_NAME = "$(TARGET_NAME)";
				SWIFT_EMIT_LOC_STRINGS = NO;
				SWIFT_VERSION = 5.0;
				TARGETED_DEVICE_FAMILY = "1,2";
				TEST_HOST = "$(BUILT_PRODUCTS_DIR)/SimpleMoneyTracker.app/$(BUNDLE_EXECUTABLE_FOLDER_PATH)/SimpleMoneyTracker";
			};
			name = Debug;
		};
		EC79629C2D414155008556CA /* Release */ = {
			isa = XCBuildConfiguration;
			buildSettings = {
				BUNDLE_LOADER = "$(TEST_HOST)";
				CODE_SIGN_STYLE = Automatic;
				CURRENT_PROJECT_VERSION = 1;
				DEVELOPMENT_TEAM = 6AZRVAP866;
				GENERATE_INFOPLIST_FILE = YES;
				IPHONEOS_DEPLOYMENT_TARGET = 18.2;
				MARKETING_VERSION = 1.0;
				PRODUCT_BUNDLE_IDENTIFIER = com.borja.SimpleMoneyTrackerTests;
				PRODUCT_NAME = "$(TARGET_NAME)";
				SWIFT_EMIT_LOC_STRINGS = NO;
				SWIFT_VERSION = 5.0;
				TARGETED_DEVICE_FAMILY = "1,2";
				TEST_HOST = "$(BUILT_PRODUCTS_DIR)/SimpleMoneyTracker.app/$(BUNDLE_EXECUTABLE_FOLDER_PATH)/SimpleMoneyTracker";
			};
			name = Release;
		};
		EC79629E2D414155008556CA /* Debug */ = {
			isa = XCBuildConfiguration;
			buildSettings = {
				CODE_SIGN_STYLE = Automatic;
				CURRENT_PROJECT_VERSION = 1;
				DEVELOPMENT_TEAM = 6AZRVAP866;
				GENERATE_INFOPLIST_FILE = YES;
				MARKETING_VERSION = 1.0;
				PRODUCT_BUNDLE_IDENTIFIER = com.borja.SimpleMoneyTrackerUITests;
				PRODUCT_NAME = "$(TARGET_NAME)";
				SWIFT_EMIT_LOC_STRINGS = NO;
				SWIFT_VERSION = 5.0;
				TARGETED_DEVICE_FAMILY = "1,2";
				TEST_TARGET_NAME = SimpleMoneyTracker;
			};
			name = Debug;
		};
		EC79629F2D414155008556CA /* Release */ = {
			isa = XCBuildConfiguration;
			buildSettings = {
				CODE_SIGN_STYLE = Automatic;
				CURRENT_PROJECT_VERSION = 1;
				DEVELOPMENT_TEAM = 6AZRVAP866;
				GENERATE_INFOPLIST_FILE = YES;
				MARKETING_VERSION = 1.0;
				PRODUCT_BUNDLE_IDENTIFIER = com.borja.SimpleMoneyTrackerUITests;
				PRODUCT_NAME = "$(TARGET_NAME)";
				SWIFT_EMIT_LOC_STRINGS = NO;
				SWIFT_VERSION = 5.0;
				TARGETED_DEVICE_FAMILY = "1,2";
				TEST_TARGET_NAME = SimpleMoneyTracker;
			};
			name = Release;
		};
/* End XCBuildConfiguration section */

/* Begin XCConfigurationList section */
		EC1C53BB2D574E6E00FC8974 /* Build configuration list for PBXNativeTarget "SimpleMoneyTrackerUnitTests" */ = {
			isa = XCConfigurationList;
			buildConfigurations = (
				EC1C53B92D574E6E00FC8974 /* Debug */,
				EC1C53BA2D574E6E00FC8974 /* Release */,
			);
			defaultConfigurationIsVisible = 0;
			defaultConfigurationName = Release;
		};
		EC79626C2D414153008556CA /* Build configuration list for PBXProject "SimpleMoneyTracker" */ = {
			isa = XCConfigurationList;
			buildConfigurations = (
				EC7962952D414155008556CA /* Debug */,
				EC7962962D414155008556CA /* Release */,
			);
			defaultConfigurationIsVisible = 0;
			defaultConfigurationName = Release;
		};
		EC7962972D414155008556CA /* Build configuration list for PBXNativeTarget "SimpleMoneyTracker" */ = {
			isa = XCConfigurationList;
			buildConfigurations = (
				EC7962982D414155008556CA /* Debug */,
				EC7962992D414155008556CA /* Release */,
			);
			defaultConfigurationIsVisible = 0;
			defaultConfigurationName = Release;
		};
		EC79629A2D414155008556CA /* Build configuration list for PBXNativeTarget "SimpleMoneyTrackerTests" */ = {
			isa = XCConfigurationList;
			buildConfigurations = (
				EC79629B2D414155008556CA /* Debug */,
				EC79629C2D414155008556CA /* Release */,
			);
			defaultConfigurationIsVisible = 0;
			defaultConfigurationName = Release;
		};
		EC79629D2D414155008556CA /* Build configuration list for PBXNativeTarget "SimpleMoneyTrackerUITests" */ = {
			isa = XCConfigurationList;
			buildConfigurations = (
				EC79629E2D414155008556CA /* Debug */,
				EC79629F2D414155008556CA /* Release */,
			);
			defaultConfigurationIsVisible = 0;
			defaultConfigurationName = Release;
		};
/* End XCConfigurationList section */
	};
	rootObject = EC7962692D414153008556CA /* Project object */;
}
